// !$*UTF8*$!
{
	archiveVersion = 1;
	classes = {
	};
	objectVersion = 46;
	objects = {

/* Begin PBXBuildFile section */
		6361A7651D3DC91E00D04FA6 /* main.m in Sources */ = {isa = PBXBuildFile; fileRef = 6361A7641D3DC91E00D04FA6 /* main.m */; };
		6361A7681D3DC91E00D04FA6 /* AppDelegate.m in Sources */ = {isa = PBXBuildFile; fileRef = 6361A7671D3DC91E00D04FA6 /* AppDelegate.m */; };
		6361A76B1D3DC91E00D04FA6 /* ViewController.m in Sources */ = {isa = PBXBuildFile; fileRef = 6361A76A1D3DC91E00D04FA6 /* ViewController.m */; };
		6361A76E1D3DC91E00D04FA6 /* Main.storyboard in Resources */ = {isa = PBXBuildFile; fileRef = 6361A76C1D3DC91E00D04FA6 /* Main.storyboard */; };
		6361A7701D3DC91E00D04FA6 /* Assets.xcassets in Resources */ = {isa = PBXBuildFile; fileRef = 6361A76F1D3DC91E00D04FA6 /* Assets.xcassets */; };
		6361A7731D3DC91E00D04FA6 /* LaunchScreen.storyboard in Resources */ = {isa = PBXBuildFile; fileRef = 6361A7711D3DC91E00D04FA6 /* LaunchScreen.storyboard */; };
		6361A77D1D3DC98400D04FA6 /* RegionSelectionView.m in Sources */ = {isa = PBXBuildFile; fileRef = 6361A77C1D3DC98400D04FA6 /* RegionSelectionView.m */; };
		6361A7811D3E00C500D04FA6 /* UIColor+Hex.m in Sources */ = {isa = PBXBuildFile; fileRef = 6361A7801D3E00C500D04FA6 /* UIColor+Hex.m */; };
		6362C8F01D3E078A00E39545 /* RegionSelectionViewModel.m in Sources */ = {isa = PBXBuildFile; fileRef = 6362C8EF1D3E078A00E39545 /* RegionSelectionViewModel.m */; };
		6362C8F61D3E12FE00E39545 /* Tools.m in Sources */ = {isa = PBXBuildFile; fileRef = 6362C8F51D3E12FE00E39545 /* Tools.m */; };
		6362C8F91D3E1EDA00E39545 /* UILabel+Image.m in Sources */ = {isa = PBXBuildFile; fileRef = 6362C8F81D3E1EDA00E39545 /* UILabel+Image.m */; };
		6362C8FC1D3E2DB800E39545 /* right_arrow@2x.png in Resources */ = {isa = PBXBuildFile; fileRef = 6362C8FB1D3E2DB800E39545 /* right_arrow@2x.png */; };
		6362C9001D3F20A300E39545 /* CityListViewController.m in Sources */ = {isa = PBXBuildFile; fileRef = 6362C8FF1D3F20A300E39545 /* CityListViewController.m */; };
		6362C9051D3F4CF300E39545 /* CityListViewModel.m in Sources */ = {isa = PBXBuildFile; fileRef = 6362C9041D3F4CF300E39545 /* CityListViewModel.m */; };
		638645671D41B058007A69A8 /* CityListView.m in Sources */ = {isa = PBXBuildFile; fileRef = 638645661D41B058007A69A8 /* CityListView.m */; };
/* End PBXBuildFile section */

/* Begin PBXFileReference section */
		6361A7601D3DC91E00D04FA6 /* CustomView.app */ = {isa = PBXFileReference; explicitFileType = wrapper.application; includeInIndex = 0; path = CustomView.app; sourceTree = BUILT_PRODUCTS_DIR; };
		6361A7641D3DC91E00D04FA6 /* main.m */ = {isa = PBXFileReference; lastKnownFileType = sourcecode.c.objc; path = main.m; sourceTree = "<group>"; };
		6361A7661D3DC91E00D04FA6 /* AppDelegate.h */ = {isa = PBXFileReference; lastKnownFileType = sourcecode.c.h; path = AppDelegate.h; sourceTree = "<group>"; };
		6361A7671D3DC91E00D04FA6 /* AppDelegate.m */ = {isa = PBXFileReference; lastKnownFileType = sourcecode.c.objc; path = AppDelegate.m; sourceTree = "<group>"; };
		6361A7691D3DC91E00D04FA6 /* ViewController.h */ = {isa = PBXFileReference; lastKnownFileType = sourcecode.c.h; path = ViewController.h; sourceTree = "<group>"; };
		6361A76A1D3DC91E00D04FA6 /* ViewController.m */ = {isa = PBXFileReference; lastKnownFileType = sourcecode.c.objc; path = ViewController.m; sourceTree = "<group>"; };
		6361A76D1D3DC91E00D04FA6 /* Base */ = {isa = PBXFileReference; lastKnownFileType = file.storyboard; name = Base; path = Base.lproj/Main.storyboard; sourceTree = "<group>"; };
		6361A76F1D3DC91E00D04FA6 /* Assets.xcassets */ = {isa = PBXFileReference; lastKnownFileType = folder.assetcatalog; path = Assets.xcassets; sourceTree = "<group>"; };
		6361A7721D3DC91E00D04FA6 /* Base */ = {isa = PBXFileReference; lastKnownFileType = file.storyboard; name = Base; path = Base.lproj/LaunchScreen.storyboard; sourceTree = "<group>"; };
		6361A7741D3DC91E00D04FA6 /* Info.plist */ = {isa = PBXFileReference; lastKnownFileType = text.plist.xml; path = Info.plist; sourceTree = "<group>"; };
		6361A77B1D3DC98400D04FA6 /* RegionSelectionView.h */ = {isa = PBXFileReference; fileEncoding = 4; lastKnownFileType = sourcecode.c.h; path = RegionSelectionView.h; sourceTree = "<group>"; };
		6361A77C1D3DC98400D04FA6 /* RegionSelectionView.m */ = {isa = PBXFileReference; fileEncoding = 4; lastKnownFileType = sourcecode.c.objc; path = RegionSelectionView.m; sourceTree = "<group>"; };
		6361A77F1D3E00C500D04FA6 /* UIColor+Hex.h */ = {isa = PBXFileReference; fileEncoding = 4; lastKnownFileType = sourcecode.c.h; path = "UIColor+Hex.h"; sourceTree = "<group>"; };
		6361A7801D3E00C500D04FA6 /* UIColor+Hex.m */ = {isa = PBXFileReference; fileEncoding = 4; lastKnownFileType = sourcecode.c.objc; path = "UIColor+Hex.m"; sourceTree = "<group>"; };
		6361A7821D3E018C00D04FA6 /* PrefixHeader.pch */ = {isa = PBXFileReference; lastKnownFileType = sourcecode.c.h; path = PrefixHeader.pch; sourceTree = "<group>"; };
		6361A7831D3E01C600D04FA6 /* MainMacro.h */ = {isa = PBXFileReference; lastKnownFileType = sourcecode.c.h; path = MainMacro.h; sourceTree = "<group>"; };
		6362C8EE1D3E078A00E39545 /* RegionSelectionViewModel.h */ = {isa = PBXFileReference; fileEncoding = 4; lastKnownFileType = sourcecode.c.h; path = RegionSelectionViewModel.h; sourceTree = "<group>"; };
		6362C8EF1D3E078A00E39545 /* RegionSelectionViewModel.m */ = {isa = PBXFileReference; fileEncoding = 4; lastKnownFileType = sourcecode.c.objc; path = RegionSelectionViewModel.m; sourceTree = "<group>"; };
		6362C8F41D3E12FE00E39545 /* Tools.h */ = {isa = PBXFileReference; fileEncoding = 4; lastKnownFileType = sourcecode.c.h; path = Tools.h; sourceTree = "<group>"; };
		6362C8F51D3E12FE00E39545 /* Tools.m */ = {isa = PBXFileReference; fileEncoding = 4; lastKnownFileType = sourcecode.c.objc; path = Tools.m; sourceTree = "<group>"; };
		6362C8F71D3E1EDA00E39545 /* UILabel+Image.h */ = {isa = PBXFileReference; fileEncoding = 4; lastKnownFileType = sourcecode.c.h; path = "UILabel+Image.h"; sourceTree = "<group>"; };
		6362C8F81D3E1EDA00E39545 /* UILabel+Image.m */ = {isa = PBXFileReference; fileEncoding = 4; lastKnownFileType = sourcecode.c.objc; path = "UILabel+Image.m"; sourceTree = "<group>"; };
		6362C8FB1D3E2DB800E39545 /* right_arrow@2x.png */ = {isa = PBXFileReference; lastKnownFileType = image.png; path = "right_arrow@2x.png"; sourceTree = "<group>"; };
		6362C8FE1D3F20A300E39545 /* CityListViewController.h */ = {isa = PBXFileReference; fileEncoding = 4; lastKnownFileType = sourcecode.c.h; path = CityListViewController.h; sourceTree = "<group>"; };
		6362C8FF1D3F20A300E39545 /* CityListViewController.m */ = {isa = PBXFileReference; fileEncoding = 4; lastKnownFileType = sourcecode.c.objc; path = CityListViewController.m; sourceTree = "<group>"; };
		6362C9011D3F24A100E39545 /* UserDefaultMacro.h */ = {isa = PBXFileReference; lastKnownFileType = sourcecode.c.h; path = UserDefaultMacro.h; sourceTree = "<group>"; };
		6362C9031D3F4CF300E39545 /* CityListViewModel.h */ = {isa = PBXFileReference; fileEncoding = 4; lastKnownFileType = sourcecode.c.h; path = CityListViewModel.h; sourceTree = "<group>"; };
		6362C9041D3F4CF300E39545 /* CityListViewModel.m */ = {isa = PBXFileReference; fileEncoding = 4; lastKnownFileType = sourcecode.c.objc; path = CityListViewModel.m; sourceTree = "<group>"; };
		638645651D41B058007A69A8 /* CityListView.h */ = {isa = PBXFileReference; fileEncoding = 4; lastKnownFileType = sourcecode.c.h; path = CityListView.h; sourceTree = "<group>"; };
		638645661D41B058007A69A8 /* CityListView.m */ = {isa = PBXFileReference; fileEncoding = 4; lastKnownFileType = sourcecode.c.objc; path = CityListView.m; sourceTree = "<group>"; };
/* End PBXFileReference section */

/* Begin PBXFrameworksBuildPhase section */
		6361A75D1D3DC91E00D04FA6 /* Frameworks */ = {
			isa = PBXFrameworksBuildPhase;
			buildActionMask = 2147483647;
			files = (
			);
			runOnlyForDeploymentPostprocessing = 0;
		};
/* End PBXFrameworksBuildPhase section */

/* Begin PBXGroup section */
		6361A7571D3DC91E00D04FA6 = {
			isa = PBXGroup;
			children = (
				6361A7621D3DC91E00D04FA6 /* CustomView */,
				6361A7611D3DC91E00D04FA6 /* Products */,
			);
			sourceTree = "<group>";
		};
		6361A7611D3DC91E00D04FA6 /* Products */ = {
			isa = PBXGroup;
			children = (
				6361A7601D3DC91E00D04FA6 /* CustomView.app */,
			);
			name = Products;
			sourceTree = "<group>";
		};
		6361A7621D3DC91E00D04FA6 /* CustomView */ = {
			isa = PBXGroup;
			children = (
				6362C8FD1D3F207300E39545 /* CityList */,
				6361A77A1D3DC96900D04FA6 /* RegionSelection */,
				6361A7661D3DC91E00D04FA6 /* AppDelegate.h */,
				6361A7671D3DC91E00D04FA6 /* AppDelegate.m */,
				6361A7691D3DC91E00D04FA6 /* ViewController.h */,
				6361A76A1D3DC91E00D04FA6 /* ViewController.m */,
				6361A76C1D3DC91E00D04FA6 /* Main.storyboard */,
				6361A77E1D3E00AB00D04FA6 /* Tools */,
				6361A76F1D3DC91E00D04FA6 /* Assets.xcassets */,
				6361A7711D3DC91E00D04FA6 /* LaunchScreen.storyboard */,
				6361A7741D3DC91E00D04FA6 /* Info.plist */,
				6361A7631D3DC91E00D04FA6 /* Supporting Files */,
				6361A7821D3E018C00D04FA6 /* PrefixHeader.pch */,
				6361A7831D3E01C600D04FA6 /* MainMacro.h */,
				6362C9011D3F24A100E39545 /* UserDefaultMacro.h */,
			);
			path = CustomView;
			sourceTree = "<group>";
		};
		6361A7631D3DC91E00D04FA6 /* Supporting Files */ = {
			isa = PBXGroup;
			children = (
				6361A7641D3DC91E00D04FA6 /* main.m */,
			);
			name = "Supporting Files";
			sourceTree = "<group>";
		};
		6361A77A1D3DC96900D04FA6 /* RegionSelection */ = {
			isa = PBXGroup;
			children = (
				6362C8FA1D3E2DB800E39545 /* Resource */,
				6362C8ED1D3E076E00E39545 /* ViewModel */,
				6361A77B1D3DC98400D04FA6 /* RegionSelectionView.h */,
				6361A77C1D3DC98400D04FA6 /* RegionSelectionView.m */,
			);
			path = RegionSelection;
			sourceTree = "<group>";
		};
		6361A77E1D3E00AB00D04FA6 /* Tools */ = {
			isa = PBXGroup;
			children = (
				6362C8F41D3E12FE00E39545 /* Tools.h */,
				6362C8F51D3E12FE00E39545 /* Tools.m */,
				6361A77F1D3E00C500D04FA6 /* UIColor+Hex.h */,
				6361A7801D3E00C500D04FA6 /* UIColor+Hex.m */,
				6362C8F71D3E1EDA00E39545 /* UILabel+Image.h */,
				6362C8F81D3E1EDA00E39545 /* UILabel+Image.m */,
			);
			path = Tools;
			sourceTree = "<group>";
		};
		6362C8ED1D3E076E00E39545 /* ViewModel */ = {
			isa = PBXGroup;
			children = (
				6362C8EE1D3E078A00E39545 /* RegionSelectionViewModel.h */,
				6362C8EF1D3E078A00E39545 /* RegionSelectionViewModel.m */,
			);
			path = ViewModel;
			sourceTree = "<group>";
		};
		6362C8FA1D3E2DB800E39545 /* Resource */ = {
			isa = PBXGroup;
			children = (
				6362C8FB1D3E2DB800E39545 /* right_arrow@2x.png */,
			);
			path = Resource;
			sourceTree = "<group>";
		};
		6362C8FD1D3F207300E39545 /* CityList */ = {
			isa = PBXGroup;
			children = (
				6362C9061D41AD5500E39545 /* View */,
				6362C9021D3F4CD900E39545 /* ViewModel */,
				6362C8FE1D3F20A300E39545 /* CityListViewController.h */,
				6362C8FF1D3F20A300E39545 /* CityListViewController.m */,
			);
			path = CityList;
			sourceTree = "<group>";
		};
		6362C9021D3F4CD900E39545 /* ViewModel */ = {
			isa = PBXGroup;
			children = (
				6362C9031D3F4CF300E39545 /* CityListViewModel.h */,
				6362C9041D3F4CF300E39545 /* CityListViewModel.m */,
			);
			path = ViewModel;
			sourceTree = "<group>";
		};
		6362C9061D41AD5500E39545 /* View */ = {
			isa = PBXGroup;
			children = (
				638645651D41B058007A69A8 /* CityListView.h */,
				638645661D41B058007A69A8 /* CityListView.m */,
			);
			path = View;
			sourceTree = "<group>";
		};
/* End PBXGroup section */

/* Begin PBXNativeTarget section */
		6361A75F1D3DC91E00D04FA6 /* CustomView */ = {
			isa = PBXNativeTarget;
			buildConfigurationList = 6361A7771D3DC91E00D04FA6 /* Build configuration list for PBXNativeTarget "CustomView" */;
			buildPhases = (
				6361A75C1D3DC91E00D04FA6 /* Sources */,
				6361A75D1D3DC91E00D04FA6 /* Frameworks */,
				6361A75E1D3DC91E00D04FA6 /* Resources */,
			);
			buildRules = (
			);
			dependencies = (
			);
			name = CustomView;
			productName = CustomView;
			productReference = 6361A7601D3DC91E00D04FA6 /* CustomView.app */;
			productType = "com.apple.product-type.application";
		};
/* End PBXNativeTarget section */

/* Begin PBXProject section */
		6361A7581D3DC91E00D04FA6 /* Project object */ = {
			isa = PBXProject;
			attributes = {
				LastUpgradeCheck = 0730;
				ORGANIZATIONNAME = lv;
				TargetAttributes = {
					6361A75F1D3DC91E00D04FA6 = {
						CreatedOnToolsVersion = 7.3.1;
					};
				};
			};
			buildConfigurationList = 6361A75B1D3DC91E00D04FA6 /* Build configuration list for PBXProject "CustomView" */;
			compatibilityVersion = "Xcode 3.2";
			developmentRegion = English;
			hasScannedForEncodings = 0;
			knownRegions = (
				en,
				Base,
			);
			mainGroup = 6361A7571D3DC91E00D04FA6;
			productRefGroup = 6361A7611D3DC91E00D04FA6 /* Products */;
			projectDirPath = "";
			projectRoot = "";
			targets = (
				6361A75F1D3DC91E00D04FA6 /* CustomView */,
			);
		};
/* End PBXProject section */

/* Begin PBXResourcesBuildPhase section */
		6361A75E1D3DC91E00D04FA6 /* Resources */ = {
			isa = PBXResourcesBuildPhase;
			buildActionMask = 2147483647;
			files = (
				6361A7731D3DC91E00D04FA6 /* LaunchScreen.storyboard in Resources */,
				6361A7701D3DC91E00D04FA6 /* Assets.xcassets in Resources */,
				6361A76E1D3DC91E00D04FA6 /* Main.storyboard in Resources */,
				6362C8FC1D3E2DB800E39545 /* right_arrow@2x.png in Resources */,
			);
			runOnlyForDeploymentPostprocessing = 0;
		};
/* End PBXResourcesBuildPhase section */

/* Begin PBXSourcesBuildPhase section */
		6361A75C1D3DC91E00D04FA6 /* Sources */ = {
			isa = PBXSourcesBuildPhase;
			buildActionMask = 2147483647;
			files = (
				638645671D41B058007A69A8 /* CityListView.m in Sources */,
				6361A76B1D3DC91E00D04FA6 /* ViewController.m in Sources */,
				6361A7811D3E00C500D04FA6 /* UIColor+Hex.m in Sources */,
				6361A77D1D3DC98400D04FA6 /* RegionSelectionView.m in Sources */,
				6362C8F61D3E12FE00E39545 /* Tools.m in Sources */,
				6362C9001D3F20A300E39545 /* CityListViewController.m in Sources */,
				6362C8F01D3E078A00E39545 /* RegionSelectionViewModel.m in Sources */,
				6361A7681D3DC91E00D04FA6 /* AppDelegate.m in Sources */,
				6362C9051D3F4CF300E39545 /* CityListViewModel.m in Sources */,
				6362C8F91D3E1EDA00E39545 /* UILabel+Image.m in Sources */,
				6361A7651D3DC91E00D04FA6 /* main.m in Sources */,
			);
			runOnlyForDeploymentPostprocessing = 0;
		};
/* End PBXSourcesBuildPhase section */

/* Begin PBXVariantGroup section */
		6361A76C1D3DC91E00D04FA6 /* Main.storyboard */ = {
			isa = PBXVariantGroup;
			children = (
				6361A76D1D3DC91E00D04FA6 /* Base */,
			);
			name = Main.storyboard;
			sourceTree = "<group>";
		};
		6361A7711D3DC91E00D04FA6 /* LaunchScreen.storyboard */ = {
			isa = PBXVariantGroup;
			children = (
				6361A7721D3DC91E00D04FA6 /* Base */,
			);
			name = LaunchScreen.storyboard;
			sourceTree = "<group>";
		};
/* End PBXVariantGroup section */

/* Begin XCBuildConfiguration section */
		6361A7751D3DC91E00D04FA6 /* Debug */ = {
			isa = XCBuildConfiguration;
			buildSettings = {
				ALWAYS_SEARCH_USER_PATHS = NO;
				CLANG_ANALYZER_NONNULL = YES;
				CLANG_CXX_LANGUAGE_STANDARD = "gnu++0x";
				CLANG_CXX_LIBRARY = "libc++";
				CLANG_ENABLE_MODULES = YES;
				CLANG_ENABLE_OBJC_ARC = YES;
				CLANG_WARN_BOOL_CONVERSION = YES;
				CLANG_WARN_CONSTANT_CONVERSION = YES;
				CLANG_WARN_DIRECT_OBJC_ISA_USAGE = YES_ERROR;
				CLANG_WARN_EMPTY_BODY = YES;
				CLANG_WARN_ENUM_CONVERSION = YES;
				CLANG_WARN_INT_CONVERSION = YES;
				CLANG_WARN_OBJC_ROOT_CLASS = YES_ERROR;
				CLANG_WARN_UNREACHABLE_CODE = YES;
				CLANG_WARN__DUPLICATE_METHOD_MATCH = YES;
				"CODE_SIGN_IDENTITY[sdk=iphoneos*]" = "iPhone Developer";
				COPY_PHASE_STRIP = NO;
				DEBUG_INFORMATION_FORMAT = dwarf;
				ENABLE_STRICT_OBJC_MSGSEND = YES;
				ENABLE_TESTABILITY = YES;
				GCC_C_LANGUAGE_STANDARD = gnu99;
				GCC_DYNAMIC_NO_PIC = NO;
				GCC_NO_COMMON_BLOCKS = YES;
				GCC_OPTIMIZATION_LEVEL = 0;
				GCC_PREPROCESSOR_DEFINITIONS = (
					"DEBUG=1",
					"$(inherited)",
				);
				GCC_WARN_64_TO_32_BIT_CONVERSION = YES;
				GCC_WARN_ABOUT_RETURN_TYPE = YES_ERROR;
				GCC_WARN_UNDECLARED_SELECTOR = YES;
				GCC_WARN_UNINITIALIZED_AUTOS = YES_AGGRESSIVE;
				GCC_WARN_UNUSED_FUNCTION = YES;
				GCC_WARN_UNUSED_VARIABLE = YES;
				IPHONEOS_DEPLOYMENT_TARGET = 7.1;
				MTL_ENABLE_DEBUG_INFO = YES;
				ONLY_ACTIVE_ARCH = YES;
				SDKROOT = iphoneos;
			};
			name = Debug;
		};
		6361A7761D3DC91E00D04FA6 /* Release */ = {
			isa = XCBuildConfiguration;
			buildSettings = {
				ALWAYS_SEARCH_USER_PATHS = NO;
				CLANG_ANALYZER_NONNULL = YES;
				CLANG_CXX_LANGUAGE_STANDARD = "gnu++0x";
				CLANG_CXX_LIBRARY = "libc++";
				CLANG_ENABLE_MODULES = YES;
				CLANG_ENABLE_OBJC_ARC = YES;
				CLANG_WARN_BOOL_CONVERSION = YES;
				CLANG_WARN_CONSTANT_CONVERSION = YES;
				CLANG_WARN_DIRECT_OBJC_ISA_USAGE = YES_ERROR;
				CLANG_WARN_EMPTY_BODY = YES;
				CLANG_WARN_ENUM_CONVERSION = YES;
				CLANG_WARN_INT_CONVERSION = YES;
				CLANG_WARN_OBJC_ROOT_CLASS = YES_ERROR;
				CLANG_WARN_UNREACHABLE_CODE = YES;
				CLANG_WARN__DUPLICATE_METHOD_MATCH = YES;
				"CODE_SIGN_IDENTITY[sdk=iphoneos*]" = "iPhone Developer";
				COPY_PHASE_STRIP = NO;
				DEBUG_INFORMATION_FORMAT = "dwarf-with-dsym";
				ENABLE_NS_ASSERTIONS = NO;
				ENABLE_STRICT_OBJC_MSGSEND = YES;
				GCC_C_LANGUAGE_STANDARD = gnu99;
				GCC_NO_COMMON_BLOCKS = YES;
				GCC_WARN_64_TO_32_BIT_CONVERSION = YES;
				GCC_WARN_ABOUT_RETURN_TYPE = YES_ERROR;
				GCC_WARN_UNDECLARED_SELECTOR = YES;
				GCC_WARN_UNINITIALIZED_AUTOS = YES_AGGRESSIVE;
				GCC_WARN_UNUSED_FUNCTION = YES;
				GCC_WARN_UNUSED_VARIABLE = YES;
				IPHONEOS_DEPLOYMENT_TARGET = 7.1;
				MTL_ENABLE_DEBUG_INFO = NO;
				SDKROOT = iphoneos;
				VALIDATE_PRODUCT = YES;
			};
			name = Release;
		};
		6361A7781D3DC91E00D04FA6 /* Debug */ = {
			isa = XCBuildConfiguration;
			buildSettings = {
				ASSETCATALOG_COMPILER_APPICON_NAME = AppIcon;
				GCC_PREFIX_HEADER = "$(SRCROOT)/CustomView/PrefixHeader.pch";
				INFOPLIST_FILE = CustomView/Info.plist;
				LD_RUNPATH_SEARCH_PATHS = "$(inherited) @executable_path/Frameworks";
				PRODUCT_BUNDLE_IDENTIFIER = com.CustomView;
				PRODUCT_NAME = "$(TARGET_NAME)";
			};
			name = Debug;
		};
		6361A7791D3DC91E00D04FA6 /* Release */ = {
			isa = XCBuildConfiguration;
			buildSettings = {
				ASSETCATALOG_COMPILER_APPICON_NAME = AppIcon;
				GCC_PREFIX_HEADER = "$(SRCROOT)/CustomView/PrefixHeader.pch";
				INFOPLIST_FILE = CustomView/Info.plist;
				LD_RUNPATH_SEARCH_PATHS = "$(inherited) @executable_path/Frameworks";
				PRODUCT_BUNDLE_IDENTIFIER = com.CustomView;
				PRODUCT_NAME = "$(TARGET_NAME)";
			};
			name = Release;
		};
/* End XCBuildConfiguration section */

/* Begin XCConfigurationList section */
		6361A75B1D3DC91E00D04FA6 /* Build configuration list for PBXProject "CustomView" */ = {
			isa = XCConfigurationList;
			buildConfigurations = (
				6361A7751D3DC91E00D04FA6 /* Debug */,
				6361A7761D3DC91E00D04FA6 /* Release */,
			);
			defaultConfigurationIsVisible = 0;
			defaultConfigurationName = Release;
		};
		6361A7771D3DC91E00D04FA6 /* Build configuration list for PBXNativeTarget "CustomView" */ = {
			isa = XCConfigurationList;
			buildConfigurations = (
				6361A7781D3DC91E00D04FA6 /* Debug */,
				6361A7791D3DC91E00D04FA6 /* Release */,
			);
			defaultConfigurationIsVisible = 0;
			defaultConfigurationName = Release;
		};
/* End XCConfigurationList section */
	};
	rootObject = 6361A7581D3DC91E00D04FA6 /* Project object */;
}
